Microsoft Visual Studio Solution File, Format Version 12.00
# Visual Studio Version 16
VisualStudioVersion = 16.0.32602.291
MinimumVisualStudioVersion = 10.0.40219.1
Project("{9A19103F-16F7-4668-BE54-9A1E7A4F7556}") = "console", "console\console.csproj", "{4ABA69CA-659B-4904-879D-B9F4AC6FB42F}"
EndProject
Project("{9A19103F-16F7-4668-BE54-9A1E7A4F7556}") = "lib", "lib\lib.csproj", "{BC1F7E09-4ADD-40E3-ABA0-764B82F89288}"
EndProject
Project("{9A19103F-16F7-4668-BE54-9A1E7A4F7556}") = "avalon", "avalon\avalon.csproj", "{F9D7ED00-CE8A-4378-B199-EE64C35552A1}"
EndProject
Project("{FAE04EC0-301F-11D3-BF4B-00C04F79EFBC}") = "lib.test", "lib.Tests\lib.Tests.csproj", "{5B66B101-6CC2-4712-8ECE-3443C83DB37C}"
EndProject
Global
	GlobalSection(SolutionConfigurationPlatforms) = preSolution
		Debug|Any CPU = Debug|Any CPU
		Release|Any CPU = Release|Any CPU
	EndGlobalSection
	GlobalSection(ProjectConfigurationPlatforms) = postSolution
		{4ABA69CA-659B-4904-879D-B9F4AC6FB42F}.Debug|Any CPU.ActiveCfg = Debug|Any CPU
		{4ABA69CA-659B-4904-879D-B9F4AC6FB42F}.Debug|Any CPU.Build.0 = Debug|Any CPU
		{4ABA69CA-659B-4904-879D-B9F4AC6FB42F}.Release|Any CPU.ActiveCfg = Release|Any CPU
		{4ABA69CA-659B-4904-879D-B9F4AC6FB42F}.Release|Any CPU.Build.0 = Release|Any CPU
		{BC1F7E09-4ADD-40E3-ABA0-764B82F89288}.Debug|Any CPU.ActiveCfg = Debug|Any CPU
		{BC1F7E09-4ADD-40E3-ABA0-764B82F89288}.Debug|Any CPU.Build.0 = Debug|Any CPU
		{BC1F7E09-4ADD-40E3-ABA0-764B82F89288}.Release|Any CPU.ActiveCfg = Release|Any CPU
		{BC1F7E09-4ADD-40E3-ABA0-764B82F89288}.Release|Any CPU.Build.0 = Release|Any CPU
		{F9D7ED00-CE8A-4378-B199-EE64C35552A1}.Debug|Any CPU.ActiveCfg = Debug|Any CPU
		{F9D7ED00-CE8A-4378-B199-EE64C35552A1}.Debug|Any CPU.Build.0 = Debug|Any CPU
		{F9D7ED00-CE8A-4378-B199-EE64C35552A1}.Release|Any CPU.ActiveCfg = Release|Any CPU
		{F9D7ED00-CE8A-4378-B199-EE64C35552A1}.Release|Any CPU.Build.0 = Release|Any CPU
		{5B66B101-6CC2-4712-8ECE-3443C83DB37C}.Debug|Any CPU.ActiveCfg = Debug|Any CPU
		{5B66B101-6CC2-4712-8ECE-3443C83DB37C}.Debug|Any CPU.Build.0 = Debug|Any CPU
		{5B66B101-6CC2-4712-8ECE-3443C83DB37C}.Release|Any CPU.ActiveCfg = Release|Any CPU
		{5B66B101-6CC2-4712-8ECE-3443C83DB37C}.Release|Any CPU.Build.0 = Release|Any CPU
	EndGlobalSection
	GlobalSection(SolutionProperties) = preSolution
		HideSolutionNode = FALSE
	EndGlobalSection
	GlobalSection(ExtensibilityGlobals) = postSolution
		SolutionGuid = {7768051F-E66A-49EE-BAFD-F5EECF0BF1AA}
	EndGlobalSection
EndGlobal